
Microsoft Visual Studio Solution File, Format Version 12.00
# Visual Studio 15
VisualStudioVersion = 15.0.27130.2036
MinimumVisualStudioVersion = 10.0.40219.1
Project("{FAE04EC0-301F-11D3-BF4B-00C04F79EFBC}") = "SecondWeatherApp.Android", "SecondWeatherApp\SecondWeatherApp.Android\SecondWeatherApp.Android.csproj", "{DF041E91-A958-4F51-8638-19BFBB9ADAC9}"
EndProject
Project("{FAE04EC0-301F-11D3-BF4B-00C04F79EFBC}") = "SecondWeatherApp.iOS", "SecondWeatherApp\SecondWeatherApp.iOS\SecondWeatherApp.iOS.csproj", "{D5AF1FD8-C2E4-4B33-AB58-3E84D0376AF4}"
EndProject
Project("{FAE04EC0-301F-11D3-BF4B-00C04F79EFBC}") = "SecondWeatherApp.UWP", "SecondWeatherApp\SecondWeatherApp.UWP\SecondWeatherApp.UWP.csproj", "{B2F36A49-B3B9-4D6D-9357-4279822F83D4}"
EndProject
Project("{FAE04EC0-301F-11D3-BF4B-00C04F79EFBC}") = "SecondWeatherApp", "SecondWeatherApp\SecondWeatherApp\SecondWeatherApp.csproj", "{2B98A2C8-B764-4D2E-BAED-BA18FC51970E}"
EndProject
Global
	GlobalSection(SolutionConfigurationPlatforms) = preSolution
		Debug|Any CPU = Debug|Any CPU
		Debug|ARM = Debug|ARM
		Debug|iPhone = Debug|iPhone
		Debug|iPhoneSimulator = Debug|iPhoneSimulator
		Debug|x64 = Debug|x64
		Debug|x86 = Debug|x86
		Release|Any CPU = Release|Any CPU
		Release|ARM = Release|ARM
		Release|iPhone = Release|iPhone
		Release|iPhoneSimulator = Release|iPhoneSimulator
		Release|x64 = Release|x64
		Release|x86 = Release|x86
	EndGlobalSection
	GlobalSection(ProjectConfigurationPlatforms) = postSolution
		{DF041E91-A958-4F51-8638-19BFBB9ADAC9}.Debug|Any CPU.ActiveCfg = Debug|Any CPU
		{DF041E91-A958-4F51-8638-19BFBB9ADAC9}.Debug|Any CPU.Build.0 = Debug|Any CPU
		{DF041E91-A958-4F51-8638-19BFBB9ADAC9}.Debug|Any CPU.Deploy.0 = Debug|Any CPU
		{DF041E91-A958-4F51-8638-19BFBB9ADAC9}.Debug|ARM.ActiveCfg = Debug|Any CPU
		{DF041E91-A958-4F51-8638-19BFBB9ADAC9}.Debug|ARM.Build.0 = Debug|Any CPU
		{DF041E91-A958-4F51-8638-19BFBB9ADAC9}.Debug|ARM.Deploy.0 = Debug|Any CPU
		{DF041E91-A958-4F51-8638-19BFBB9ADAC9}.Debug|iPhone.ActiveCfg = Debug|Any CPU
		{DF041E91-A958-4F51-8638-19BFBB9ADAC9}.Debug|iPhone.Build.0 = Debug|Any CPU
		{DF041E91-A958-4F51-8638-19BFBB9ADAC9}.Debug|iPhone.Deploy.0 = Debug|Any CPU
		{DF041E91-A958-4F51-8638-19BFBB9ADAC9}.Debug|iPhoneSimulator.ActiveCfg = Debug|Any CPU
		{DF041E91-A958-4F51-8638-19BFBB9ADAC9}.Debug|iPhoneSimulator.Build.0 = Debug|Any CPU
		{DF041E91-A958-4F51-8638-19BFBB9ADAC9}.Debug|iPhoneSimulator.Deploy.0 = Debug|Any CPU
		{DF041E91-A958-4F51-8638-19BFBB9ADAC9}.Debug|x64.ActiveCfg = Debug|Any CPU
		{DF041E91-A958-4F51-8638-19BFBB9ADAC9}.Debug|x64.Build.0 = Debug|Any CPU
		{DF041E91-A958-4F51-8638-19BFBB9ADAC9}.Debug|x64.Deploy.0 = Debug|Any CPU
		{DF041E91-A958-4F51-8638-19BFBB9ADAC9}.Debug|x86.ActiveCfg = Debug|Any CPU
		{DF041E91-A958-4F51-8638-19BFBB9ADAC9}.Debug|x86.Build.0 = Debug|Any CPU
		{DF041E91-A958-4F51-8638-19BFBB9ADAC9}.Debug|x86.Deploy.0 = Debug|Any CPU
		{DF041E91-A958-4F51-8638-19BFBB9ADAC9}.Release|Any CPU.ActiveCfg = Release|Any CPU
		{DF041E91-A958-4F51-8638-19BFBB9ADAC9}.Release|Any CPU.Build.0 = Release|Any CPU
		{DF041E91-A958-4F51-8638-19BFBB9ADAC9}.Release|Any CPU.Deploy.0 = Release|Any CPU
		{DF041E91-A958-4F51-8638-19BFBB9ADAC9}.Release|ARM.ActiveCfg = Release|Any CPU
		{DF041E91-A958-4F51-8638-19BFBB9ADAC9}.Release|ARM.Build.0 = Release|Any CPU
		{DF041E91-A958-4F51-8638-19BFBB9ADAC9}.Release|ARM.Deploy.0 = Release|Any CPU
		{DF041E91-A958-4F51-8638-19BFBB9ADAC9}.Release|iPhone.ActiveCfg = Release|Any CPU
		{DF041E91-A958-4F51-8638-19BFBB9ADAC9}.Release|iPhone.Build.0 = Release|Any CPU
		{DF041E91-A958-4F51-8638-19BFBB9ADAC9}.Release|iPhone.Deploy.0 = Release|Any CPU
		{DF041E91-A958-4F51-8638-19BFBB9ADAC9}.Release|iPhoneSimulator.ActiveCfg = Release|Any CPU
		{DF041E91-A958-4F51-8638-19BFBB9ADAC9}.Release|iPhoneSimulator.Build.0 = Release|Any CPU
		{DF041E91-A958-4F51-8638-19BFBB9ADAC9}.Release|iPhoneSimulator.Deploy.0 = Release|Any CPU
		{DF041E91-A958-4F51-8638-19BFBB9ADAC9}.Release|x64.ActiveCfg = Release|Any CPU
		{DF041E91-A958-4F51-8638-19BFBB9ADAC9}.Release|x64.Build.0 = Release|Any CPU
		{DF041E91-A958-4F51-8638-19BFBB9ADAC9}.Release|x64.Deploy.0 = Release|Any CPU
		{DF041E91-A958-4F51-8638-19BFBB9ADAC9}.Release|x86.ActiveCfg = Release|Any CPU
		{DF041E91-A958-4F51-8638-19BFBB9ADAC9}.Release|x86.Build.0 = Release|Any CPU
		{DF041E91-A958-4F51-8638-19BFBB9ADAC9}.Release|x86.Deploy.0 = Release|Any CPU
		{D5AF1FD8-C2E4-4B33-AB58-3E84D0376AF4}.Debug|Any CPU.ActiveCfg = Debug|iPhone
		{D5AF1FD8-C2E4-4B33-AB58-3E84D0376AF4}.Debug|ARM.ActiveCfg = Debug|iPhone
		{D5AF1FD8-C2E4-4B33-AB58-3E84D0376AF4}.Debug|iPhone.ActiveCfg = Debug|iPhone
		{D5AF1FD8-C2E4-4B33-AB58-3E84D0376AF4}.Debug|iPhone.Build.0 = Debug|iPhone
		{D5AF1FD8-C2E4-4B33-AB58-3E84D0376AF4}.Debug|iPhoneSimulator.ActiveCfg = Debug|iPhoneSimulator
		{D5AF1FD8-C2E4-4B33-AB58-3E84D0376AF4}.Debug|iPhoneSimulator.Build.0 = Debug|iPhoneSimulator
		{D5AF1FD8-C2E4-4B33-AB58-3E84D0376AF4}.Debug|x64.ActiveCfg = Debug|iPhone
		{D5AF1FD8-C2E4-4B33-AB58-3E84D0376AF4}.Debug|x86.ActiveCfg = Debug|iPhone
		{D5AF1FD8-C2E4-4B33-AB58-3E84D0376AF4}.Release|Any CPU.ActiveCfg = Release|iPhone
		{D5AF1FD8-C2E4-4B33-AB58-3E84D0376AF4}.Release|ARM.ActiveCfg = Release|iPhone
		{D5AF1FD8-C2E4-4B33-AB58-3E84D0376AF4}.Release|iPhone.ActiveCfg = Release|iPhone
		{D5AF1FD8-C2E4-4B33-AB58-3E84D0376AF4}.Release|iPhone.Build.0 = Release|iPhone
		{D5AF1FD8-C2E4-4B33-AB58-3E84D0376AF4}.Release|iPhoneSimulator.ActiveCfg = Release|iPhoneSimulator
		{D5AF1FD8-C2E4-4B33-AB58-3E84D0376AF4}.Release|iPhoneSimulator.Build.0 = Release|iPhoneSimulator
		{D5AF1FD8-C2E4-4B33-AB58-3E84D0376AF4}.Release|x64.ActiveCfg = Release|iPhone
		{D5AF1FD8-C2E4-4B33-AB58-3E84D0376AF4}.Release|x86.ActiveCfg = Release|iPhone
		{B2F36A49-B3B9-4D6D-9357-4279822F83D4}.Debug|Any CPU.ActiveCfg = Debug|x86
		{B2F36A49-B3B9-4D6D-9357-4279822F83D4}.Debug|ARM.ActiveCfg = Debug|ARM
		{B2F36A49-B3B9-4D6D-9357-4279822F83D4}.Debug|ARM.Build.0 = Debug|ARM
		{B2F36A49-B3B9-4D6D-9357-4279822F83D4}.Debug|ARM.Deploy.0 = Debug|ARM
		{B2F36A49-B3B9-4D6D-9357-4279822F83D4}.Debug|iPhone.ActiveCfg = Debug|x86
		{B2F36A49-B3B9-4D6D-9357-4279822F83D4}.Debug|iPhoneSimulator.ActiveCfg = Debug|x86
		{B2F36A49-B3B9-4D6D-9357-4279822F83D4}.Debug|x64.ActiveCfg = Debug|x64
		{B2F36A49-B3B9-4D6D-9357-4279822F83D4}.Debug|x64.Build.0 = Debug|x64
		{B2F36A49-B3B9-4D6D-9357-4279822F83D4}.Debug|x64.Deploy.0 = Debug|x64
		{B2F36A49-B3B9-4D6D-9357-4279822F83D4}.Debug|x86.ActiveCfg = Debug|x86
		{B2F36A49-B3B9-4D6D-9357-4279822F83D4}.Debug|x86.Build.0 = Debug|x86
		{B2F36A49-B3B9-4D6D-9357-4279822F83D4}.Debug|x86.Deploy.0 = Debug|x86
		{B2F36A49-B3B9-4D6D-9357-4279822F83D4}.Release|Any CPU.ActiveCfg = Release|x86
		{B2F36A49-B3B9-4D6D-9357-4279822F83D4}.Release|ARM.ActiveCfg = Release|ARM
		{B2F36A49-B3B9-4D6D-9357-4279822F83D4}.Release|ARM.Build.0 = Release|ARM
		{B2F36A49-B3B9-4D6D-9357-4279822F83D4}.Release|ARM.Deploy.0 = Release|ARM
		{B2F36A49-B3B9-4D6D-9357-4279822F83D4}.Release|iPhone.ActiveCfg = Release|x86
		{B2F36A49-B3B9-4D6D-9357-4279822F83D4}.Release|iPhoneSimulator.ActiveCfg = Release|x86
		{B2F36A49-B3B9-4D6D-9357-4279822F83D4}.Release|x64.ActiveCfg = Release|x64
		{B2F36A49-B3B9-4D6D-9357-4279822F83D4}.Release|x64.Build.0 = Release|x64
		{B2F36A49-B3B9-4D6D-9357-4279822F83D4}.Release|x64.Deploy.0 = Release|x64
		{B2F36A49-B3B9-4D6D-9357-4279822F83D4}.Release|x86.ActiveCfg = Release|x86
		{B2F36A49-B3B9-4D6D-9357-4279822F83D4}.Release|x86.Build.0 = Release|x86
		{B2F36A49-B3B9-4D6D-9357-4279822F83D4}.Release|x86.Deploy.0 = Release|x86
		{2B98A2C8-B764-4D2E-BAED-BA18FC51970E}.Debug|Any CPU.ActiveCfg = Debug|Any CPU
		{2B98A2C8-B764-4D2E-BAED-BA18FC51970E}.Debug|Any CPU.Build.0 = Debug|Any CPU
		{2B98A2C8-B764-4D2E-BAED-BA18FC51970E}.Debug|ARM.ActiveCfg = Debug|Any CPU
		{2B98A2C8-B764-4D2E-BAED-BA18FC51970E}.Debug|ARM.Build.0 = Debug|Any CPU
		{2B98A2C8-B764-4D2E-BAED-BA18FC51970E}.Debug|iPhone.ActiveCfg = Debug|Any CPU
		{2B98A2C8-B764-4D2E-BAED-BA18FC51970E}.Debug|iPhone.Build.0 = Debug|Any CPU
		{2B98A2C8-B764-4D2E-BAED-BA18FC51970E}.Debug|iPhoneSimulator.ActiveCfg = Debug|Any CPU
		{2B98A2C8-B764-4D2E-BAED-BA18FC51970E}.Debug|iPhoneSimulator.Build.0 = Debug|Any CPU
		{2B98A2C8-B764-4D2E-BAED-BA18FC51970E}.Debug|x64.ActiveCfg = Debug|Any CPU
		{2B98A2C8-B764-4D2E-BAED-BA18FC51970E}.Debug|x64.Build.0 = Debug|Any CPU
		{2B98A2C8-B764-4D2E-BAED-BA18FC51970E}.Debug|x86.ActiveCfg = Debug|Any CPU
		{2B98A2C8-B764-4D2E-BAED-BA18FC51970E}.Debug|x86.Build.0 = Debug|Any CPU
		{2B98A2C8-B764-4D2E-BAED-BA18FC51970E}.Release|Any CPU.ActiveCfg = Release|Any CPU
		{2B98A2C8-B764-4D2E-BAED-BA18FC51970E}.Release|Any CPU.Build.0 = Release|Any CPU
		{2B98A2C8-B764-4D2E-BAED-BA18FC51970E}.Release|ARM.ActiveCfg = Release|Any CPU
		{2B98A2C8-B764-4D2E-BAED-BA18FC51970E}.Release|ARM.Build.0 = Release|Any CPU
		{2B98A2C8-B764-4D2E-BAED-BA18FC51970E}.Release|iPhone.ActiveCfg = Release|Any CPU
		{2B98A2C8-B764-4D2E-BAED-BA18FC51970E}.Release|iPhone.Build.0 = Release|Any CPU
		{2B98A2C8-B764-4D2E-BAED-BA18FC51970E}.Release|iPhoneSimulator.ActiveCfg = Release|Any CPU
		{2B98A2C8-B764-4D2E-BAED-BA18FC51970E}.Release|iPhoneSimulator.Build.0 = Release|Any CPU
		{2B98A2C8-B764-4D2E-BAED-BA18FC51970E}.Release|x64.ActiveCfg = Release|Any CPU
		{2B98A2C8-B764-4D2E-BAED-BA18FC51970E}.Release|x64.Build.0 = Release|Any CPU
		{2B98A2C8-B764-4D2E-BAED-BA18FC51970E}.Release|x86.ActiveCfg = Release|Any CPU
		{2B98A2C8-B764-4D2E-BAED-BA18FC51970E}.Release|x86.Build.0 = Release|Any CPU
	EndGlobalSection
	GlobalSection(SolutionProperties) = preSolution
		HideSolutionNode = FALSE
	EndGlobalSection
	GlobalSection(ExtensibilityGlobals) = postSolution
		SolutionGuid = {04EE3597-2E14-4642-90D8-1BA6EA554D6B}
	EndGlobalSection
EndGlobal
